
Microsoft Visual Studio Solution File, Format Version 12.00
# Visual Studio Version 17
VisualStudioVersion = 17.0.31903.59
MinimumVisualStudioVersion = 10.0.40219.1
Project("{FAE04EC0-301F-11D3-BF4B-00C04F79EFBC}") = "DataAccess", "DataAccess\DataAccess.csproj", "{E3306E65-7443-4F43-A11E-FAA03663CE3F}"
EndProject
Project("{FAE04EC0-301F-11D3-BF4B-00C04F79EFBC}") = "Business", "Business\Business.csproj", "{B799D8A6-27DE-4C12-8868-0955F0B19480}"
EndProject
Project("{FAE04EC0-301F-11D3-BF4B-00C04F79EFBC}") = "Web", "Web\Web.csproj", "{C7B682C7-754C-4E19-93A1-C38B23284D19}"
EndProject
Global
	GlobalSection(SolutionConfigurationPlatforms) = preSolution
		Debug|Any CPU = Debug|Any CPU
		Debug|x64 = Debug|x64
		Debug|x86 = Debug|x86
		Release|Any CPU = Release|Any CPU
		Release|x64 = Release|x64
		Release|x86 = Release|x86
	EndGlobalSection
	GlobalSection(ProjectConfigurationPlatforms) = postSolution
		{E3306E65-7443-4F43-A11E-FAA03663CE3F}.Debug|Any CPU.ActiveCfg = Debug|Any CPU
		{E3306E65-7443-4F43-A11E-FAA03663CE3F}.Debug|Any CPU.Build.0 = Debug|Any CPU
		{E3306E65-7443-4F43-A11E-FAA03663CE3F}.Debug|x64.ActiveCfg = Debug|Any CPU
		{E3306E65-7443-4F43-A11E-FAA03663CE3F}.Debug|x64.Build.0 = Debug|Any CPU
		{E3306E65-7443-4F43-A11E-FAA03663CE3F}.Debug|x86.ActiveCfg = Debug|Any CPU
		{E3306E65-7443-4F43-A11E-FAA03663CE3F}.Debug|x86.Build.0 = Debug|Any CPU
		{E3306E65-7443-4F43-A11E-FAA03663CE3F}.Release|Any CPU.ActiveCfg = Release|Any CPU
		{E3306E65-7443-4F43-A11E-FAA03663CE3F}.Release|Any CPU.Build.0 = Release|Any CPU
		{E3306E65-7443-4F43-A11E-FAA03663CE3F}.Release|x64.ActiveCfg = Release|Any CPU
		{E3306E65-7443-4F43-A11E-FAA03663CE3F}.Release|x64.Build.0 = Release|Any CPU
		{E3306E65-7443-4F43-A11E-FAA03663CE3F}.Release|x86.ActiveCfg = Release|Any CPU
		{E3306E65-7443-4F43-A11E-FAA03663CE3F}.Release|x86.Build.0 = Release|Any CPU
		{B799D8A6-27DE-4C12-8868-0955F0B19480}.Debug|Any CPU.ActiveCfg = Debug|Any CPU
		{B799D8A6-27DE-4C12-8868-0955F0B19480}.Debug|Any CPU.Build.0 = Debug|Any CPU
		{B799D8A6-27DE-4C12-8868-0955F0B19480}.Debug|x64.ActiveCfg = Debug|Any CPU
		{B799D8A6-27DE-4C12-8868-0955F0B19480}.Debug|x64.Build.0 = Debug|Any CPU
		{B799D8A6-27DE-4C12-8868-0955F0B19480}.Debug|x86.ActiveCfg = Debug|Any CPU
		{B799D8A6-27DE-4C12-8868-0955F0B19480}.Debug|x86.Build.0 = Debug|Any CPU
		{B799D8A6-27DE-4C12-8868-0955F0B19480}.Release|Any CPU.ActiveCfg = Release|Any CPU
		{B799D8A6-27DE-4C12-8868-0955F0B19480}.Release|Any CPU.Build.0 = Release|Any CPU
		{B799D8A6-27DE-4C12-8868-0955F0B19480}.Release|x64.ActiveCfg = Release|Any CPU
		{B799D8A6-27DE-4C12-8868-0955F0B19480}.Release|x64.Build.0 = Release|Any CPU
		{B799D8A6-27DE-4C12-8868-0955F0B19480}.Release|x86.ActiveCfg = Release|Any CPU
		{B799D8A6-27DE-4C12-8868-0955F0B19480}.Release|x86.Build.0 = Release|Any CPU
		{C7B682C7-754C-4E19-93A1-C38B23284D19}.Debug|Any CPU.ActiveCfg = Debug|Any CPU
		{C7B682C7-754C-4E19-93A1-C38B23284D19}.Debug|Any CPU.Build.0 = Debug|Any CPU
		{C7B682C7-754C-4E19-93A1-C38B23284D19}.Debug|x64.ActiveCfg = Debug|Any CPU
		{C7B682C7-754C-4E19-93A1-C38B23284D19}.Debug|x64.Build.0 = Debug|Any CPU
		{C7B682C7-754C-4E19-93A1-C38B23284D19}.Debug|x86.ActiveCfg = Debug|Any CPU
		{C7B682C7-754C-4E19-93A1-C38B23284D19}.Debug|x86.Build.0 = Debug|Any CPU
		{C7B682C7-754C-4E19-93A1-C38B23284D19}.Release|Any CPU.ActiveCfg = Release|Any CPU
		{C7B682C7-754C-4E19-93A1-C38B23284D19}.Release|Any CPU.Build.0 = Release|Any CPU
		{C7B682C7-754C-4E19-93A1-C38B23284D19}.Release|x64.ActiveCfg = Release|Any CPU
		{C7B682C7-754C-4E19-93A1-C38B23284D19}.Release|x64.Build.0 = Release|Any CPU
		{C7B682C7-754C-4E19-93A1-C38B23284D19}.Release|x86.ActiveCfg = Release|Any CPU
		{C7B682C7-754C-4E19-93A1-C38B23284D19}.Release|x86.Build.0 = Release|Any CPU
	EndGlobalSection
	GlobalSection(SolutionProperties) = preSolution
		HideSolutionNode = FALSE
	EndGlobalSection
EndGlobal
